
Microsoft Visual Studio Solution File, Format Version 12.00
# Visual Studio Version 17
VisualStudioVersion = 17.1.32414.318
MinimumVisualStudioVersion = 10.0.40219.1
Project("{9A19103F-16F7-4668-BE54-9A1E7A4F7556}") = "Attributes", "Attributes\Attributes.csproj", "{67AC963C-9C37-409C-9DB1-030555BC0A44}"
EndProject
Project("{9A19103F-16F7-4668-BE54-9A1E7A4F7556}") = "ExtensionMethods", "ExtensionMethods\ExtensionMethods.csproj", "{7023ADD7-507E-4FE3-ABB6-2DE2498B20B9}"
EndProject
Project("{9A19103F-16F7-4668-BE54-9A1E7A4F7556}") = "Linq", "Linq\Linq.csproj", "{5D06019F-DEDF-40BB-9EE1-D4998030C64D}"
EndProject
Project("{9A19103F-16F7-4668-BE54-9A1E7A4F7556}") = "Dynamic", "Dynamic\Dynamic.csproj", "{BEB63E66-439D-4EBC-9552-539F9EB0B268}"
EndProject
Project("{9A19103F-16F7-4668-BE54-9A1E7A4F7556}") = "ExceptionHandling", "ExceptionHandling\ExceptionHandling.csproj", "{7ED95140-8C4E-43FB-BF25-0B13D64866B2}"
EndProject
Project("{9A19103F-16F7-4668-BE54-9A1E7A4F7556}") = "AnonymousMethods", "AnonymousMethods\AnonymousMethods.csproj", "{EEF29E66-DBFA-4958-956A-EC9E10680849}"
EndProject
Project("{9A19103F-16F7-4668-BE54-9A1E7A4F7556}") = "AsynchronousProgramming", "AsynchronousProgramming\AsynchronousProgramming.csproj", "{33E16EB8-8858-41BD-AD86-F227EF819F61}"
EndProject
Project("{9A19103F-16F7-4668-BE54-9A1E7A4F7556}") = "Interfaces", "Interfaces\Interfaces.csproj", "{C9300AFB-D113-4382-ABB7-3D1EB5760347}"
EndProject
Project("{9A19103F-16F7-4668-BE54-9A1E7A4F7556}") = "NamespacesAndAssemblies", "NamespacesAndAssemblies\NamespacesAndAssemblies.csproj", "{26EDFB7D-7026-4975-B365-24C3BB182FB0}"
EndProject
Project("{9A19103F-16F7-4668-BE54-9A1E7A4F7556}") = "Threads", "Threads\Threads.csproj", "{0F4A8F8E-95B7-4089-BE3F-D507DA24F461}"
EndProject
Project("{9A19103F-16F7-4668-BE54-9A1E7A4F7556}") = "XMLComments", "XMLComments\XMLComments.csproj", "{9B4B9EDB-AE99-4B16-8389-9FD2B5B4D1E8}"
EndProject
Project("{9A19103F-16F7-4668-BE54-9A1E7A4F7556}") = "IOStreams", "IOStreams\IOStreams.csproj", "{249F6B36-6E84-4B37-9B10-B0523D6EB878}"
EndProject
Project("{9A19103F-16F7-4668-BE54-9A1E7A4F7556}") = "Coupling", "Coupling\Coupling.csproj", "{722C1B0D-146B-458A-9AB2-A173D56729AF}"
EndProject
Project("{2150E333-8FDC-42A3-9474-1A3956D46DE8}") = "LanguageFeatures", "LanguageFeatures", "{DB14E047-388D-4A86-9904-ABD42ABD990A}"
EndProject
Project("{9A19103F-16F7-4668-BE54-9A1E7A4F7556}") = "OperatorOverloading", "LanguageFeatures\OperatorOverloading\OperatorOverloading.csproj", "{9A668C6E-5F9B-4181-BBD5-7AA64DD5F3AF}"
EndProject
Project("{9A19103F-16F7-4668-BE54-9A1E7A4F7556}") = "SwitchExpressions", "LanguageFeatures\SwitchExpressions\SwitchExpressions.csproj", "{CF10CAB8-FE06-4AAB-B149-5A4ABABA099A}"
EndProject
Project("{9A19103F-16F7-4668-BE54-9A1E7A4F7556}") = "PatternMatching", "LanguageFeatures\PatternMatching\PatternMatching.csproj", "{0D60F7CC-4D76-4001-B1E7-D57596334703}"
EndProject
Project("{9A19103F-16F7-4668-BE54-9A1E7A4F7556}") = "DefaultInterfaceMethods", "LanguageFeatures\DefaultInterfaceMethods\DefaultInterfaceMethods.csproj", "{B9E783C3-533C-4783-8981-9D59D9197839}"
EndProject
Project("{9A19103F-16F7-4668-BE54-9A1E7A4F7556}") = "Delegates", "LanguageFeatures\Delegates\Delegates.csproj", "{409431D3-4C0D-4ABA-9D7A-17F419B13BF2}"
EndProject
Project("{9A19103F-16F7-4668-BE54-9A1E7A4F7556}") = "Events", "LanguageFeatures\Events\Events.csproj", "{DCFD7882-99D3-4C3F-883D-15D8A8DFCC01}"
EndProject
Project("{9A19103F-16F7-4668-BE54-9A1E7A4F7556}") = "Generics", "LanguageFeatures\Generics\Generics.csproj", "{A3DB44E7-AE45-40FF-A024-582E95C0AF31}"
EndProject
Project("{9A19103F-16F7-4668-BE54-9A1E7A4F7556}") = "LambdaExpressions", "LanguageFeatures\LambdaExpressions\LambdaExpressions.csproj", "{6599CFFF-1A3C-4B4E-90DC-FB4915CE38FC}"
EndProject
Project("{9A19103F-16F7-4668-BE54-9A1E7A4F7556}") = "NullableTypes", "LanguageFeatures\NullableTypes\NullableTypes.csproj", "{2888BF51-07B8-4413-B91F-720426D97F8D}"
EndProject
Project("{9A19103F-16F7-4668-BE54-9A1E7A4F7556}") = "UnsafeCode", "LanguageFeatures\UnsafeCode\UnsafeCode.csproj", "{CF171984-265B-4166-B9DE-A228F71DBED3}"
EndProject
Global
	GlobalSection(SolutionConfigurationPlatforms) = preSolution
		Debug|Any CPU = Debug|Any CPU
		Release|Any CPU = Release|Any CPU
	EndGlobalSection
	GlobalSection(ProjectConfigurationPlatforms) = postSolution
		{67AC963C-9C37-409C-9DB1-030555BC0A44}.Debug|Any CPU.ActiveCfg = Debug|Any CPU
		{67AC963C-9C37-409C-9DB1-030555BC0A44}.Debug|Any CPU.Build.0 = Debug|Any CPU
		{67AC963C-9C37-409C-9DB1-030555BC0A44}.Release|Any CPU.ActiveCfg = Release|Any CPU
		{67AC963C-9C37-409C-9DB1-030555BC0A44}.Release|Any CPU.Build.0 = Release|Any CPU
		{7023ADD7-507E-4FE3-ABB6-2DE2498B20B9}.Debug|Any CPU.ActiveCfg = Debug|Any CPU
		{7023ADD7-507E-4FE3-ABB6-2DE2498B20B9}.Debug|Any CPU.Build.0 = Debug|Any CPU
		{7023ADD7-507E-4FE3-ABB6-2DE2498B20B9}.Release|Any CPU.ActiveCfg = Release|Any CPU
		{7023ADD7-507E-4FE3-ABB6-2DE2498B20B9}.Release|Any CPU.Build.0 = Release|Any CPU
		{5D06019F-DEDF-40BB-9EE1-D4998030C64D}.Debug|Any CPU.ActiveCfg = Debug|Any CPU
		{5D06019F-DEDF-40BB-9EE1-D4998030C64D}.Debug|Any CPU.Build.0 = Debug|Any CPU
		{5D06019F-DEDF-40BB-9EE1-D4998030C64D}.Release|Any CPU.ActiveCfg = Release|Any CPU
		{5D06019F-DEDF-40BB-9EE1-D4998030C64D}.Release|Any CPU.Build.0 = Release|Any CPU
		{BEB63E66-439D-4EBC-9552-539F9EB0B268}.Debug|Any CPU.ActiveCfg = Debug|Any CPU
		{BEB63E66-439D-4EBC-9552-539F9EB0B268}.Debug|Any CPU.Build.0 = Debug|Any CPU
		{BEB63E66-439D-4EBC-9552-539F9EB0B268}.Release|Any CPU.ActiveCfg = Release|Any CPU
		{BEB63E66-439D-4EBC-9552-539F9EB0B268}.Release|Any CPU.Build.0 = Release|Any CPU
		{7ED95140-8C4E-43FB-BF25-0B13D64866B2}.Debug|Any CPU.ActiveCfg = Debug|Any CPU
		{7ED95140-8C4E-43FB-BF25-0B13D64866B2}.Debug|Any CPU.Build.0 = Debug|Any CPU
		{7ED95140-8C4E-43FB-BF25-0B13D64866B2}.Release|Any CPU.ActiveCfg = Release|Any CPU
		{7ED95140-8C4E-43FB-BF25-0B13D64866B2}.Release|Any CPU.Build.0 = Release|Any CPU
		{EEF29E66-DBFA-4958-956A-EC9E10680849}.Debug|Any CPU.ActiveCfg = Debug|Any CPU
		{EEF29E66-DBFA-4958-956A-EC9E10680849}.Debug|Any CPU.Build.0 = Debug|Any CPU
		{EEF29E66-DBFA-4958-956A-EC9E10680849}.Release|Any CPU.ActiveCfg = Release|Any CPU
		{EEF29E66-DBFA-4958-956A-EC9E10680849}.Release|Any CPU.Build.0 = Release|Any CPU
		{33E16EB8-8858-41BD-AD86-F227EF819F61}.Debug|Any CPU.ActiveCfg = Debug|Any CPU
		{33E16EB8-8858-41BD-AD86-F227EF819F61}.Debug|Any CPU.Build.0 = Debug|Any CPU
		{33E16EB8-8858-41BD-AD86-F227EF819F61}.Release|Any CPU.ActiveCfg = Release|Any CPU
		{33E16EB8-8858-41BD-AD86-F227EF819F61}.Release|Any CPU.Build.0 = Release|Any CPU
		{C9300AFB-D113-4382-ABB7-3D1EB5760347}.Debug|Any CPU.ActiveCfg = Debug|Any CPU
		{C9300AFB-D113-4382-ABB7-3D1EB5760347}.Debug|Any CPU.Build.0 = Debug|Any CPU
		{C9300AFB-D113-4382-ABB7-3D1EB5760347}.Release|Any CPU.ActiveCfg = Release|Any CPU
		{C9300AFB-D113-4382-ABB7-3D1EB5760347}.Release|Any CPU.Build.0 = Release|Any CPU
		{26EDFB7D-7026-4975-B365-24C3BB182FB0}.Debug|Any CPU.ActiveCfg = Debug|Any CPU
		{26EDFB7D-7026-4975-B365-24C3BB182FB0}.Debug|Any CPU.Build.0 = Debug|Any CPU
		{26EDFB7D-7026-4975-B365-24C3BB182FB0}.Release|Any CPU.ActiveCfg = Release|Any CPU
		{26EDFB7D-7026-4975-B365-24C3BB182FB0}.Release|Any CPU.Build.0 = Release|Any CPU
		{0F4A8F8E-95B7-4089-BE3F-D507DA24F461}.Debug|Any CPU.ActiveCfg = Debug|Any CPU
		{0F4A8F8E-95B7-4089-BE3F-D507DA24F461}.Debug|Any CPU.Build.0 = Debug|Any CPU
		{0F4A8F8E-95B7-4089-BE3F-D507DA24F461}.Release|Any CPU.ActiveCfg = Release|Any CPU
		{0F4A8F8E-95B7-4089-BE3F-D507DA24F461}.Release|Any CPU.Build.0 = Release|Any CPU
		{9B4B9EDB-AE99-4B16-8389-9FD2B5B4D1E8}.Debug|Any CPU.ActiveCfg = Debug|Any CPU
		{9B4B9EDB-AE99-4B16-8389-9FD2B5B4D1E8}.Debug|Any CPU.Build.0 = Debug|Any CPU
		{9B4B9EDB-AE99-4B16-8389-9FD2B5B4D1E8}.Release|Any CPU.ActiveCfg = Release|Any CPU
		{9B4B9EDB-AE99-4B16-8389-9FD2B5B4D1E8}.Release|Any CPU.Build.0 = Release|Any CPU
		{249F6B36-6E84-4B37-9B10-B0523D6EB878}.Debug|Any CPU.ActiveCfg = Debug|Any CPU
		{249F6B36-6E84-4B37-9B10-B0523D6EB878}.Debug|Any CPU.Build.0 = Debug|Any CPU
		{249F6B36-6E84-4B37-9B10-B0523D6EB878}.Release|Any CPU.ActiveCfg = Release|Any CPU
		{249F6B36-6E84-4B37-9B10-B0523D6EB878}.Release|Any CPU.Build.0 = Release|Any CPU
		{722C1B0D-146B-458A-9AB2-A173D56729AF}.Debug|Any CPU.ActiveCfg = Debug|Any CPU
		{722C1B0D-146B-458A-9AB2-A173D56729AF}.Debug|Any CPU.Build.0 = Debug|Any CPU
		{722C1B0D-146B-458A-9AB2-A173D56729AF}.Release|Any CPU.ActiveCfg = Release|Any CPU
		{722C1B0D-146B-458A-9AB2-A173D56729AF}.Release|Any CPU.Build.0 = Release|Any CPU
		{9A668C6E-5F9B-4181-BBD5-7AA64DD5F3AF}.Debug|Any CPU.ActiveCfg = Debug|Any CPU
		{9A668C6E-5F9B-4181-BBD5-7AA64DD5F3AF}.Debug|Any CPU.Build.0 = Debug|Any CPU
		{9A668C6E-5F9B-4181-BBD5-7AA64DD5F3AF}.Release|Any CPU.ActiveCfg = Release|Any CPU
		{9A668C6E-5F9B-4181-BBD5-7AA64DD5F3AF}.Release|Any CPU.Build.0 = Release|Any CPU
		{CF10CAB8-FE06-4AAB-B149-5A4ABABA099A}.Debug|Any CPU.ActiveCfg = Debug|Any CPU
		{CF10CAB8-FE06-4AAB-B149-5A4ABABA099A}.Debug|Any CPU.Build.0 = Debug|Any CPU
		{CF10CAB8-FE06-4AAB-B149-5A4ABABA099A}.Release|Any CPU.ActiveCfg = Release|Any CPU
		{CF10CAB8-FE06-4AAB-B149-5A4ABABA099A}.Release|Any CPU.Build.0 = Release|Any CPU
		{0D60F7CC-4D76-4001-B1E7-D57596334703}.Debug|Any CPU.ActiveCfg = Debug|Any CPU
		{0D60F7CC-4D76-4001-B1E7-D57596334703}.Debug|Any CPU.Build.0 = Debug|Any CPU
		{0D60F7CC-4D76-4001-B1E7-D57596334703}.Release|Any CPU.ActiveCfg = Release|Any CPU
		{0D60F7CC-4D76-4001-B1E7-D57596334703}.Release|Any CPU.Build.0 = Release|Any CPU
		{B9E783C3-533C-4783-8981-9D59D9197839}.Debug|Any CPU.ActiveCfg = Debug|Any CPU
		{B9E783C3-533C-4783-8981-9D59D9197839}.Debug|Any CPU.Build.0 = Debug|Any CPU
		{B9E783C3-533C-4783-8981-9D59D9197839}.Release|Any CPU.ActiveCfg = Release|Any CPU
		{B9E783C3-533C-4783-8981-9D59D9197839}.Release|Any CPU.Build.0 = Release|Any CPU
		{409431D3-4C0D-4ABA-9D7A-17F419B13BF2}.Debug|Any CPU.ActiveCfg = Debug|Any CPU
		{409431D3-4C0D-4ABA-9D7A-17F419B13BF2}.Debug|Any CPU.Build.0 = Debug|Any CPU
		{409431D3-4C0D-4ABA-9D7A-17F419B13BF2}.Release|Any CPU.ActiveCfg = Release|Any CPU
		{409431D3-4C0D-4ABA-9D7A-17F419B13BF2}.Release|Any CPU.Build.0 = Release|Any CPU
		{DCFD7882-99D3-4C3F-883D-15D8A8DFCC01}.Debug|Any CPU.ActiveCfg = Debug|Any CPU
		{DCFD7882-99D3-4C3F-883D-15D8A8DFCC01}.Debug|Any CPU.Build.0 = Debug|Any CPU
		{DCFD7882-99D3-4C3F-883D-15D8A8DFCC01}.Release|Any CPU.ActiveCfg = Release|Any CPU
		{DCFD7882-99D3-4C3F-883D-15D8A8DFCC01}.Release|Any CPU.Build.0 = Release|Any CPU
		{A3DB44E7-AE45-40FF-A024-582E95C0AF31}.Debug|Any CPU.ActiveCfg = Debug|Any CPU
		{A3DB44E7-AE45-40FF-A024-582E95C0AF31}.Debug|Any CPU.Build.0 = Debug|Any CPU
		{A3DB44E7-AE45-40FF-A024-582E95C0AF31}.Release|Any CPU.ActiveCfg = Release|Any CPU
		{A3DB44E7-AE45-40FF-A024-582E95C0AF31}.Release|Any CPU.Build.0 = Release|Any CPU
		{6599CFFF-1A3C-4B4E-90DC-FB4915CE38FC}.Debug|Any CPU.ActiveCfg = Debug|Any CPU
		{6599CFFF-1A3C-4B4E-90DC-FB4915CE38FC}.Debug|Any CPU.Build.0 = Debug|Any CPU
		{6599CFFF-1A3C-4B4E-90DC-FB4915CE38FC}.Release|Any CPU.ActiveCfg = Release|Any CPU
		{6599CFFF-1A3C-4B4E-90DC-FB4915CE38FC}.Release|Any CPU.Build.0 = Release|Any CPU
		{2888BF51-07B8-4413-B91F-720426D97F8D}.Debug|Any CPU.ActiveCfg = Debug|Any CPU
		{2888BF51-07B8-4413-B91F-720426D97F8D}.Debug|Any CPU.Build.0 = Debug|Any CPU
		{2888BF51-07B8-4413-B91F-720426D97F8D}.Release|Any CPU.ActiveCfg = Release|Any CPU
		{2888BF51-07B8-4413-B91F-720426D97F8D}.Release|Any CPU.Build.0 = Release|Any CPU
		{CF171984-265B-4166-B9DE-A228F71DBED3}.Debug|Any CPU.ActiveCfg = Debug|Any CPU
		{CF171984-265B-4166-B9DE-A228F71DBED3}.Debug|Any CPU.Build.0 = Debug|Any CPU
		{CF171984-265B-4166-B9DE-A228F71DBED3}.Release|Any CPU.ActiveCfg = Release|Any CPU
		{CF171984-265B-4166-B9DE-A228F71DBED3}.Release|Any CPU.Build.0 = Release|Any CPU
	EndGlobalSection
	GlobalSection(SolutionProperties) = preSolution
		HideSolutionNode = FALSE
	EndGlobalSection
	GlobalSection(NestedProjects) = preSolution
		{9A668C6E-5F9B-4181-BBD5-7AA64DD5F3AF} = {DB14E047-388D-4A86-9904-ABD42ABD990A}
		{CF10CAB8-FE06-4AAB-B149-5A4ABABA099A} = {DB14E047-388D-4A86-9904-ABD42ABD990A}
		{0D60F7CC-4D76-4001-B1E7-D57596334703} = {DB14E047-388D-4A86-9904-ABD42ABD990A}
		{B9E783C3-533C-4783-8981-9D59D9197839} = {DB14E047-388D-4A86-9904-ABD42ABD990A}
		{409431D3-4C0D-4ABA-9D7A-17F419B13BF2} = {DB14E047-388D-4A86-9904-ABD42ABD990A}
		{DCFD7882-99D3-4C3F-883D-15D8A8DFCC01} = {DB14E047-388D-4A86-9904-ABD42ABD990A}
		{A3DB44E7-AE45-40FF-A024-582E95C0AF31} = {DB14E047-388D-4A86-9904-ABD42ABD990A}
		{6599CFFF-1A3C-4B4E-90DC-FB4915CE38FC} = {DB14E047-388D-4A86-9904-ABD42ABD990A}
		{2888BF51-07B8-4413-B91F-720426D97F8D} = {DB14E047-388D-4A86-9904-ABD42ABD990A}
		{CF171984-265B-4166-B9DE-A228F71DBED3} = {DB14E047-388D-4A86-9904-ABD42ABD990A}
	EndGlobalSection
	GlobalSection(ExtensibilityGlobals) = postSolution
		SolutionGuid = {F8C62BE7-A327-4856-A004-902D136BDA03}
	EndGlobalSection
EndGlobal
